<?xml version="1.0" encoding="utf-8"?>
<Project ToolsVersion="4.0" xmlns="http://schemas.microsoft.com/developer/msbuild/2003">
  <ItemGroup>
    <Filter Include="Header Files">
      <UniqueIdentifier>{93995380-89BD-4b04-88EB-625FBE52EBFB}</UniqueIdentifier>
      <Extensions>h;hh;hpp;hxx;hm;inl;inc;ipp;xsd</Extensions>
    </Filter>
    <Filter Include="Resource Files">
      <UniqueIdentifier>{67DA6AB6-F800-4c08-8B7A-83BB121AAD01}</UniqueIdentifier>
      <Extensions>rc;ico;cur;bmp;dlg;rc2;rct;bin;rgs;gif;jpg;jpeg;jpe;resx;tiff;tif;png;wav;mfcribbon-ms</Extensions>
    </Filter>
    <Filter Include="src">
      <UniqueIdentifier>{4FC737F1-C7A5-4376-A066-2A32D752A2FF}</UniqueIdentifier>
      <Extensions>cpp;c;cc;cxx;def;odl;idl;hpj;bat;asm;asmx</Extensions>
    </Filter>
    <Filter Include="src\PerlinNoise">
      <UniqueIdentifier>{f2b0373a-af87-42ba-9b5f-ca27bc79e4c3}</UniqueIdentifier>
    </Filter>
    <Filter Include="src\Types">
      <UniqueIdentifier>{3abd5161-d5bf-49d0-8f1d-dd45844c5f5d}</UniqueIdentifier>
    </Filter>
    <Filter Include="src\InputSystem">
      <UniqueIdentifier>{9bf7143e-e1f5-44d4-91f1-71a3fbb3d853}</UniqueIdentifier>
    </Filter>
    <Filter Include="src\Utitlities">
      <UniqueIdentifier>{3cc8c446-ecf3-4c3e-a54c-09669002d9f0}</UniqueIdentifier>
    </Filter>
    <Filter Include="src\MapSystem">
      <UniqueIdentifier>{d0919efc-85b4-4611-89f0-ed2a9813710b}</UniqueIdentifier>
    </Filter>
    <Filter Include="src\ActorSystem">
      <UniqueIdentifier>{b039cd95-3f31-45e1-891a-c78a27c435fe}</UniqueIdentifier>
    </Filter>
    <Filter Include="src\Resources">
      <UniqueIdentifier>{d0eb4f77-401c-4c35-8283-ebb1842018fb}</UniqueIdentifier>
    </Filter>
    <Filter Include="src\ScenarioSystem">
      <UniqueIdentifier>{4839eb3b-49be-49a6-a741-f44b1971c4b7}</UniqueIdentifier>
    </Filter>
    <Filter Include="src\ScenarioSystem\Scenarios">
      <UniqueIdentifier>{430ece39-6e97-4c27-8789-16f62e817b20}</UniqueIdentifier>
    </Filter>
    <Filter Include="src\Ai">
      <UniqueIdentifier>{a5fd1180-5fcd-4ae7-8edf-fa0955af004f}</UniqueIdentifier>
    </Filter>
    <Filter Include="src\Traits">
      <UniqueIdentifier>{00847ed3-8314-4939-bc4f-1eb00fb1bd09}</UniqueIdentifier>
    </Filter>
    <Filter Include="src\ActorSystem\Organism">
      <UniqueIdentifier>{7122e8b5-a623-4e61-89c2-ae019873b1b4}</UniqueIdentifier>
    </Filter>
    <Filter Include="src\ActorSystem\Food">
      <UniqueIdentifier>{d9e306ae-c9e2-4f14-b6ac-c65f332466a5}</UniqueIdentifier>
    </Filter>
    <Filter Include="src\Engine">
      <UniqueIdentifier>{a40d7180-c60f-416d-aa8f-ad0449b2783a}</UniqueIdentifier>
    </Filter>
    <Filter Include="src\Engine\EventProcessing">
      <UniqueIdentifier>{ad4c2479-511a-4c5b-aaa4-eb67dfb9de87}</UniqueIdentifier>
    </Filter>
  </ItemGroup>
  <ItemGroup>
    <ClCompile Include="..\..\..\..\sam%27s club\source\repos\CreatureObervatory\main.cpp">
      <Filter>src</Filter>
    </ClCompile>
    <ClCompile Include="..\..\..\..\sam%27s club\source\repos\CreatureObervatory\perlin_run.cpp">
      <Filter>src</Filter>
    </ClCompile>
    <ClCompile Include="..\..\..\..\sam%27s club\source\repos\CreatureObervatory\Engine.cpp">
      <Filter>src\Engine</Filter>
    </ClCompile>
    <ClCompile Include="..\..\..\..\sam%27s club\source\repos\CreatureObervatory\file_io.cpp">
      <Filter>src\Utitlities</Filter>
    </ClCompile>
    <ClCompile Include="..\..\..\..\sam%27s club\source\repos\CreatureObervatory\Keyboard.cpp">
      <Filter>src\InputSystem</Filter>
    </ClCompile>
    <ClCompile Include="BoundKeys.cpp">
      <Filter>src\InputSystem</Filter>
    </ClCompile>
    <ClCompile Include="..\..\..\..\sam%27s club\source\repos\CreatureObervatory\EventHandler.cpp">
      <Filter>src\Engine\EventProcessing</Filter>
    </ClCompile>
    <ClCompile Include="dep_main.cpp">
      <Filter>src\Utitlities</Filter>
    </ClCompile>
    <ClCompile Include="..\..\..\..\sam%27s club\source\repos\CreatureObervatory\ColorMap.cpp">
      <Filter>src\MapSystem</Filter>
    </ClCompile>
    <ClCompile Include="..\..\..\..\sam%27s club\source\repos\CreatureObervatory\HeightMap.cpp">
      <Filter>src\MapSystem</Filter>
    </ClCompile>
    <ClCompile Include="TileMap.cpp">
      <Filter>src\MapSystem</Filter>
    </ClCompile>
    <ClCompile Include="ResourceHolder.cpp">
      <Filter>src\Resources</Filter>
    </ClCompile>
    <ClCompile Include="MathHelpers.cpp">
      <Filter>src\Utitlities</Filter>
    </ClCompile>
    <ClCompile Include="Scenario_Base.cpp">
      <Filter>src\ScenarioSystem</Filter>
    </ClCompile>
    <ClCompile Include="Scenario_Basic.cpp">
      <Filter>src\ScenarioSystem\Scenarios</Filter>
    </ClCompile>
    <ClCompile Include="Actor_Base.cpp">
      <Filter>src\ActorSystem</Filter>
    </ClCompile>
    <ClCompile Include="Ai_Base.cpp">
      <Filter>src\Ai</Filter>
    </ClCompile>
    <ClCompile Include="Ai_Organism.cpp">
      <Filter>src\Ai</Filter>
    </ClCompile>
    <ClCompile Include="PerlinNoise.cpp">
      <Filter>src\PerlinNoise</Filter>
    </ClCompile>
    <ClCompile Include="TraitCollection.cpp">
      <Filter>src\Traits</Filter>
    </ClCompile>
    <ClCompile Include="Trait.cpp">
      <Filter>src\Traits</Filter>
    </ClCompile>
    <ClCompile Include="HSLColor.cpp">
      <Filter>src\Utitlities</Filter>
    </ClCompile>
    <ClCompile Include="Organism.cpp">
      <Filter>src\ActorSystem\Organism</Filter>
    </ClCompile>
    <ClCompile Include="Food.cpp">
      <Filter>src\ActorSystem\Food</Filter>
    </ClCompile>
  </ItemGroup>
  <ItemGroup>
    <ClInclude Include="..\..\..\..\sam%27s club\source\repos\CreatureObervatory\Keyboard.h">
      <Filter>src\InputSystem</Filter>
    </ClInclude>
    <ClInclude Include="..\..\..\..\sam%27s club\source\repos\CreatureObervatory\Engine.h">
      <Filter>src\Engine</Filter>
    </ClInclude>
    <ClInclude Include="..\..\..\..\sam%27s club\source\repos\CreatureObervatory\RandomGenerator.h">
      <Filter>src\Utitlities</Filter>
    </ClInclude>
    <ClInclude Include="..\..\..\..\sam%27s club\source\repos\CreatureObervatory\file_io.h">
      <Filter>src\Utitlities</Filter>
    </ClInclude>
    <ClInclude Include="..\..\..\..\sam%27s club\source\repos\CreatureObervatory\Utilities.h">
      <Filter>src\Utitlities</Filter>
    </ClInclude>
    <ClInclude Include="BoundKeys.h">
      <Filter>src\InputSystem</Filter>
    </ClInclude>
    <ClInclude Include="..\..\..\..\sam%27s club\source\repos\CreatureObervatory\EventHandler.h">
      <Filter>src\Engine\EventProcessing</Filter>
    </ClInclude>
    <ClInclude Include="PreprocessorDirectves.h">
      <Filter>src</Filter>
    </ClInclude>
    <ClInclude Include="EngineTypes.h">
      <Filter>src\Engine</Filter>
    </ClInclude>
    <ClInclude Include="..\..\..\..\sam%27s club\source\repos\CreatureObervatory\ColorMap.h">
      <Filter>src\MapSystem</Filter>
    </ClInclude>
    <ClInclude Include="..\..\..\..\sam%27s club\source\repos\CreatureObervatory\HeightMap.h">
      <Filter>src\MapSystem</Filter>
    </ClInclude>
    <ClInclude Include="TileMap.h">
      <Filter>src\MapSystem</Filter>
    </ClInclude>
    <ClInclude Include="SharedContext.h">
      <Filter>src\Engine</Filter>
    </ClInclude>
    <ClInclude Include="ResourceHolder.h">
      <Filter>src\Resources</Filter>
    </ClInclude>
    <ClInclude Include="MathHelpers.h">
      <Filter>src\Utitlities</Filter>
    </ClInclude>
    <ClInclude Include="Scenario_Base.h">
      <Filter>src\ScenarioSystem</Filter>
    </ClInclude>
    <ClInclude Include="Scenario_Basic.h">
      <Filter>src\ScenarioSystem\Scenarios</Filter>
    </ClInclude>
    <ClInclude Include="Actor_Base.h">
      <Filter>src\ActorSystem</Filter>
    </ClInclude>
    <ClInclude Include="Ai._Base.h">
      <Filter>src\Ai</Filter>
    </ClInclude>
    <ClInclude Include="Ai_Organism.h">
      <Filter>src\Ai</Filter>
    </ClInclude>
    <ClInclude Include="PerlinNoise.h">
      <Filter>src\PerlinNoise</Filter>
    </ClInclude>
    <ClInclude Include="unordered_bimap.h">
      <Filter>src\Types</Filter>
    </ClInclude>
    <ClInclude Include="TraitCollection.h">
      <Filter>src\Traits</Filter>
    </ClInclude>
    <ClInclude Include="Trait.h">
      <Filter>src\Traits</Filter>
    </ClInclude>
    <ClInclude Include="HSLColor.h">
      <Filter>src\Utitlities</Filter>
    </ClInclude>
    <ClInclude Include="Organism.h">
      <Filter>src\ActorSystem\Organism</Filter>
    </ClInclude>
    <ClInclude Include="Food.h">
      <Filter>src\ActorSystem\Food</Filter>
    </ClInclude>
  </ItemGroup>
</Project>